{
  "nodes": {
    "disko": {
      "inputs": {
        "nixpkgs": [
          "nixpkgs"
        ]
      },
      "locked": {
        "lastModified": 1695737383,
        "narHash": "sha256-l8gj3ly3a0ixhwE9BErrnLXMgGnO48YKYZ3+n/1U6IE=",
        "owner": "nix-community",
        "repo": "disko",
        "rev": "07dd3af9802a8e52991937fdddd4d3085c76df34",
        "type": "github"
      },
      "original": {
        "owner": "nix-community",
        "repo": "disko",
        "type": "github"
      }
    },
    "dwm": {
      "inputs": {
        "maimpick": "maimpick",
        "nixpkgs": [
          "nixpkgs"
        ]
      },
      "locked": {
        "lastModified": 1682620229,
        "narHash": "sha256-XufjeRbQL5Ndqcxu2pB2cIF6tJDxceaHu+DsnQ7Y+Bo=",
        "owner": "aidenscott2016",
        "repo": "dwm",
        "rev": "183cea5facc67dc8ba830a91ed4694833514b667",
        "type": "github"
      },
      "original": {
        "owner": "aidenscott2016",
        "repo": "dwm",
        "type": "github"
      }
    },
    "firefox-addons": {
      "inputs": {
        "flake-utils": "flake-utils_2",
        "nixpkgs": "nixpkgs"
      },
      "locked": {
        "dir": "pkgs/firefox-addons",
        "lastModified": 1695742406,
        "narHash": "sha256-HxkMqDIy7PfyZ46bMPO/G39prSKXHbfOS2UsejZqT4g=",
        "owner": "rycee",
        "repo": "nur-expressions",
        "rev": "3f0a01fd2408a31af91bb768260b7c0e5c2fefcf",
        "type": "gitlab"
      },
      "original": {
        "dir": "pkgs/firefox-addons",
        "owner": "rycee",
        "repo": "nur-expressions",
        "type": "gitlab"
      }
    },
    "flake-utils": {
      "locked": {
        "lastModified": 1678901627,
        "narHash": "sha256-U02riOqrKKzwjsxc/400XnElV+UtPUQWpANPlyazjH0=",
        "owner": "numtide",
        "repo": "flake-utils",
        "rev": "93a2b84fc4b70d9e089d029deacc3583435c2ed6",
        "type": "github"
      },
      "original": {
        "owner": "numtide",
        "repo": "flake-utils",
        "type": "github"
      }
    },
    "flake-utils_2": {
      "locked": {
        "lastModified": 1629284811,
        "narHash": "sha256-JHgasjPR0/J1J3DRm4KxM4zTyAj4IOJY8vIl75v/kPI=",
        "owner": "numtide",
        "repo": "flake-utils",
        "rev": "c5d161cc0af116a2e17f54316f0bf43f0819785c",
        "type": "github"
      },
      "original": {
        "owner": "numtide",
        "repo": "flake-utils",
        "type": "github"
      }
    },
    "home-manager": {
      "inputs": {
        "nixpkgs": "nixpkgs_2"
      },
      "locked": {
        "lastModified": 1695108154,
        "narHash": "sha256-gSg7UTVtls2yO9lKtP0yb66XBHT1Fx5qZSZbGMpSn2c=",
        "owner": "nix-community",
        "repo": "home-manager",
        "rev": "07682fff75d41f18327a871088d20af2710d4744",
        "type": "github"
      },
      "original": {
        "owner": "nix-community",
        "ref": "release-23.05",
        "repo": "home-manager",
        "type": "github"
      }
    },
    "maimpick": {
      "inputs": {
        "flake-utils": "flake-utils",
        "nixpkgs": [
          "dwm",
          "nixpkgs"
        ],
        "voidrice": "voidrice"
      },
      "locked": {
        "lastModified": 1680008152,
        "narHash": "sha256-8RQsyWoVfLD+SBl27c018qxb9Dn9z2tPvy0bMoRrCHw=",
        "owner": "aidenscott2016",
        "repo": "larbs-flake",
        "rev": "63490a1ed23a6919b2b8ba7f1f379364640734cb",
        "type": "github"
      },
      "original": {
        "owner": "aidenscott2016",
        "repo": "larbs-flake",
        "type": "github"
      }
    },
    "nixlib": {
      "locked": {
        "lastModified": 1693701915,
        "narHash": "sha256-waHPLdDYUOHSEtMKKabcKIMhlUOHPOOPQ9UyFeEoovs=",
        "owner": "nix-community",
        "repo": "nixpkgs.lib",
        "rev": "f5af57d3ef9947a70ac86e42695231ac1ad00c25",
        "type": "github"
      },
      "original": {
        "owner": "nix-community",
        "repo": "nixpkgs.lib",
        "type": "github"
      }
    },
    "nixos-generators": {
      "inputs": {
        "nixlib": "nixlib",
        "nixpkgs": [
          "nixpkgs"
        ]
      },
      "locked": {
        "lastModified": 1693791338,
        "narHash": "sha256-wHmtB5H8AJTUaeGHw+0hsQ6nU4VyvVrP2P4NeCocRzY=",
        "owner": "nix-community",
        "repo": "nixos-generators",
        "rev": "8ee78470029e641cddbd8721496da1316b47d3b4",
        "type": "github"
      },
      "original": {
        "owner": "nix-community",
        "repo": "nixos-generators",
        "type": "github"
      }
    },
    "nixos-hardware": {
      "locked": {
        "lastModified": 1695541019,
        "narHash": "sha256-rs++zfk41K9ArWkDAlmBDlGlKO8qeRIRzdjo+9SmNFI=",
        "owner": "NixOS",
        "repo": "nixos-hardware",
        "rev": "61283b30d11f27d5b76439d43f20d0c0c8ff5296",
        "type": "github"
      },
      "original": {
        "owner": "NixOS",
        "ref": "master",
        "repo": "nixos-hardware",
        "type": "github"
      }
    },
    "nixpkgs": {
      "locked": {
        "lastModified": 1627814220,
        "narHash": "sha256-P+MDgdZw2CBk9X1ZZaUgHgN+32pTfLFf3XVIBOXirI4=",
        "owner": "nixos",
        "repo": "nixpkgs",
        "rev": "ab5b6828af26215bf2646c31961da5d3749591ef",
        "type": "github"
      },
      "original": {
        "owner": "nixos",
        "ref": "nixpkgs-unstable",
        "repo": "nixpkgs",
        "type": "github"
      }
    },
    "nixpkgs_2": {
      "locked": {
        "lastModified": 1687466461,
        "narHash": "sha256-oupXI7g7RPzlpGUfAu1xG4KBK53GrZH8/xeKgKDB4+Q=",
        "owner": "nixos",
        "repo": "nixpkgs",
        "rev": "ecb441f22067ba1d6312f4932a7c64efa8d19a7b",
        "type": "github"
      },
      "original": {
        "owner": "nixos",
        "ref": "nixos-23.05",
        "repo": "nixpkgs",
        "type": "github"
      }
    },
    "nixpkgs_3": {
      "locked": {
        "lastModified": 1695744874,
        "narHash": "sha256-4cwgS3cBpzZxYV61cXav3ip32+okQD48bqBAF3Gb83g=",
        "owner": "nixos",
        "repo": "nixpkgs",
        "rev": "6e534f047ec8e8a3832e1007e9a658e31c3f2aee",
        "type": "github"
      },
      "original": {
        "owner": "nixos",
        "ref": "release-23.05",
        "repo": "nixpkgs",
        "type": "github"
      }
    },
    "nur": {
      "locked": {
        "lastModified": 1695745206,
        "narHash": "sha256-qrvTrKfc/oILMPJRJqVBY2ABf2nZj33E/avbTKPbRt0=",
        "owner": "nix-community",
        "repo": "NUR",
        "rev": "f5b8ab7f6ab0eb55d1e3bf15f4d75a2d5b520eea",
        "type": "github"
      },
      "original": {
        "owner": "nix-community",
        "repo": "NUR",
        "type": "github"
      }
    },
    "root": {
      "inputs": {
        "disko": "disko",
        "dwm": "dwm",
        "firefox-addons": "firefox-addons",
        "home-manager": "home-manager",
        "nixos-generators": "nixos-generators",
        "nixos-hardware": "nixos-hardware",
        "nixpkgs": "nixpkgs_3",
        "nur": "nur"
      }
    },
    "voidrice": {
      "flake": false,
      "locked": {
        "lastModified": 1679694583,
        "narHash": "sha256-W0TVLjfMWHjy8OFjkBp4jGZnIczTOYBnRMM/upn6BeE=",
        "owner": "LukeSmithxyz",
        "repo": "voidrice",
        "rev": "749f74f84ef1ec1b15c9003c23120dc5c4baaa35",
        "type": "github"
      },
      "original": {
        "owner": "LukeSmithxyz",
        "repo": "voidrice",
        "type": "github"
      }
    }
  },
  "root": "root",
  "version": 7
}
