{
  "nodes": {
    "dwm": {
      "inputs": {
        "nixpkgs": "nixpkgs"
      },
      "locked": {
        "lastModified": 1673951172,
        "narHash": "sha256-5PhOomsBgIs0ISUJhw3YhBsDoHViO2BLQKBMRCbcSdU=",
        "owner": "aidenscott2016",
        "repo": "dwm",
        "rev": "843ff6cca850c3e3b5ffff7e62cac64257c342bd",
        "type": "github"
      },
      "original": {
        "owner": "aidenscott2016",
        "repo": "dwm",
        "type": "github"
      }
    },
    "flake-utils": {
      "locked": {
        "lastModified": 1667395993,
        "narHash": "sha256-nuEHfE/LcWyuSWnS8t12N1wc105Qtau+/OdUAjtQ0rA=",
        "owner": "numtide",
        "repo": "flake-utils",
        "rev": "5aed5285a952e0b949eb3ba02c12fa4fcfef535f",
        "type": "github"
      },
      "original": {
        "owner": "numtide",
        "repo": "flake-utils",
        "type": "github"
      }
    },
    "home-manager": {
      "inputs": {
        "nixpkgs": "nixpkgs_2",
        "utils": "utils"
      },
      "locked": {
        "lastModified": 1673343300,
        "narHash": "sha256-5Xdj6kpXYMie0MlnGwqK5FaMdsedxvyuakWtyKB3zaQ=",
        "owner": "nix-community",
        "repo": "home-manager",
        "rev": "176e455371a8371586e8a3ff0d56ee9f3ca2324e",
        "type": "github"
      },
      "original": {
        "owner": "nix-community",
        "repo": "home-manager",
        "type": "github"
      }
    },
    "maimpick": {
      "inputs": {
        "flake-utils": "flake-utils",
        "nixpkgs": "nixpkgs_3",
        "voidrice": "voidrice"
      },
      "locked": {
        "lastModified": 1671554309,
        "narHash": "sha256-114Abx3Mk34g6mx0ru6WNDcn/pi7gH2uUklpCvOxVEQ=",
        "owner": "aidenscott2016",
        "repo": "larbs-flake",
        "rev": "2906f27ff79a89015e5e5bc7c81d7be14f498265",
        "type": "github"
      },
      "original": {
        "owner": "aidenscott2016",
        "repo": "larbs-flake",
        "type": "github"
      }
    },
    "nixos-hardware": {
      "locked": {
        "lastModified": 1670959777,
        "narHash": "sha256-9nQJWL7S77YZERxairPLFO6TUuF1RgQmdZO6dKRCHz4=",
        "owner": "NixOS",
        "repo": "nixos-hardware",
        "rev": "0fbf27af51a7c9bc68a168fdcd63513c4f100b15",
        "type": "github"
      },
      "original": {
        "owner": "NixOS",
        "ref": "master",
        "repo": "nixos-hardware",
        "type": "github"
      }
    },
    "nixpkgs": {
      "locked": {
        "lastModified": 1671215800,
        "narHash": "sha256-2W54K41A7MefEaWzgL/TsaWlhKRK/RhWUybyOW4i0K8=",
        "owner": "NixOS",
        "repo": "nixpkgs",
        "rev": "9d692a724e74d2a49f7c985132972f991d144254",
        "type": "github"
      },
      "original": {
        "owner": "NixOS",
        "ref": "nixos-22.11",
        "repo": "nixpkgs",
        "type": "github"
      }
    },
    "nixpkgs_2": {
      "locked": {
        "lastModified": 1671983799,
        "narHash": "sha256-Z2Ro6hFPZHkBqkVXY5/aBUzxi5xizQGvuHQ9+T5B/ks=",
        "owner": "nixos",
        "repo": "nixpkgs",
        "rev": "fad51abd42ca17a60fc1d4cb9382e2d79ae31836",
        "type": "github"
      },
      "original": {
        "owner": "nixos",
        "ref": "nixos-unstable",
        "repo": "nixpkgs",
        "type": "github"
      }
    },
    "nixpkgs_3": {
      "locked": {
        "lastModified": 1669568537,
        "narHash": "sha256-OI+XMgKFgZjx6bjl+0hAvFO1Jn3RPQ+QZtib90hKGp0=",
        "owner": "nixos",
        "repo": "nixpkgs",
        "rev": "f56d74c14806d7cdfae292d9d48de81c68f4c6a2",
        "type": "github"
      },
      "original": {
        "owner": "nixos",
        "repo": "nixpkgs",
        "type": "github"
      }
    },
    "nixpkgs_4": {
      "locked": {
        "lastModified": 1673315479,
        "narHash": "sha256-GNCFRtDHjTygXGJp/H+f2XQPMGxpYSmNiibIqYzihtM=",
        "owner": "nixos",
        "repo": "nixpkgs",
        "rev": "c07552f6f7d4eead7806645ec03f7f1eb71ba6bd",
        "type": "github"
      },
      "original": {
        "owner": "nixos",
        "ref": "nixos-unstable",
        "repo": "nixpkgs",
        "type": "github"
      }
    },
    "root": {
      "inputs": {
        "dwm": "dwm",
        "home-manager": "home-manager",
        "maimpick": "maimpick",
        "nixos-hardware": "nixos-hardware",
        "nixpkgs": "nixpkgs_4"
      }
    },
    "utils": {
      "locked": {
        "lastModified": 1667395993,
        "narHash": "sha256-nuEHfE/LcWyuSWnS8t12N1wc105Qtau+/OdUAjtQ0rA=",
        "owner": "numtide",
        "repo": "flake-utils",
        "rev": "5aed5285a952e0b949eb3ba02c12fa4fcfef535f",
        "type": "github"
      },
      "original": {
        "owner": "numtide",
        "repo": "flake-utils",
        "type": "github"
      }
    },
    "voidrice": {
      "flake": false,
      "locked": {
        "lastModified": 1668894398,
        "narHash": "sha256-racV4u/pE8Z8h4uAJy6UKaU+i36F8FCeq+JIVs8+9rE=",
        "owner": "LukeSmithxyz",
        "repo": "voidrice",
        "rev": "450745a467524a0bacdae2679deb370ac2a2e9d5",
        "type": "github"
      },
      "original": {
        "owner": "LukeSmithxyz",
        "repo": "voidrice",
        "type": "github"
      }
    }
  },
  "root": "root",
  "version": 7
}
